<?xml version="1.0" encoding="utf-8"?>
<Project ToolsVersion="4.0" xmlns="http://schemas.microsoft.com/developer/msbuild/2003">
  <ItemGroup>
    <ClCompile Include="main.cpp" />
    <ClCompile Include="Animation.cpp">
      <Filter>Engine</Filter>
    </ClCompile>
    <ClCompile Include="AnimationManager.cpp">
      <Filter>Engine</Filter>
    </ClCompile>
    <ClCompile Include="Game.cpp">
      <Filter>Game</Filter>
    </ClCompile>
    <ClCompile Include="GameObject.cpp">
      <Filter>Game</Filter>
    </ClCompile>
    <ClCompile Include="InputManager.cpp">
      <Filter>Engine</Filter>
    </ClCompile>
    <ClCompile Include="SettingsObject.cpp">
      <Filter>Engine</Filter>
    </ClCompile>
    <ClCompile Include="SettingsManager.cpp">
      <Filter>Engine</Filter>
    </ClCompile>
    <ClCompile Include="Sprite.cpp">
      <Filter>Engine</Filter>
    </ClCompile>
    <ClCompile Include="SpriteSheet.cpp">
      <Filter>Engine</Filter>
    </ClCompile>
    <ClCompile Include="SpriteSheetLoader.cpp">
      <Filter>Engine</Filter>
    </ClCompile>
    <ClCompile Include="UIButton.cpp">
      <Filter>Engine</Filter>
    </ClCompile>
    <ClCompile Include="StateManager.cpp">
      <Filter>Engine</Filter>
    </ClCompile>
    <ClCompile Include="Util.cpp">
      <Filter>Engine</Filter>
    </ClCompile>
    <ClCompile Include="Menus.cpp">
      <Filter>Game</Filter>
    </ClCompile>
    <ClCompile Include="Character.cpp">
      <Filter>Game\Characters</Filter>
    </ClCompile>
    <ClCompile Include="Player.cpp">
      <Filter>Game\Characters</Filter>
    </ClCompile>
    <ClCompile Include="LevelManager.cpp">
      <Filter>Game\Level</Filter>
    </ClCompile>
    <ClCompile Include="LevelObject.cpp">
      <Filter>Game\Level</Filter>
    </ClCompile>
    <ClCompile Include="LevelObjectRectangle.cpp">
      <Filter>Game\Level\LevelObjects</Filter>
    </ClCompile>
    <ClCompile Include="LevelObjectPlattform.cpp">
      <Filter>Game\Level\LevelObjects</Filter>
    </ClCompile>
    <ClCompile Include="Enemy.cpp">
      <Filter>Game\Characters\Enemies</Filter>
    </ClCompile>
    <ClCompile Include="EnemyGoblin.cpp">
      <Filter>Game\Characters\Enemies</Filter>
    </ClCompile>
    <ClCompile Include="EnemyPlaceholder.cpp">
      <Filter>Game\Characters\Enemies</Filter>
    </ClCompile>
    <ClCompile Include="EnemyShooter.cpp">
      <Filter>Game\Characters\Enemies</Filter>
    </ClCompile>
    <ClCompile Include="EnemyTroll.cpp">
      <Filter>Game\Characters\Enemies</Filter>
    </ClCompile>
  </ItemGroup>
  <ItemGroup>
    <ClInclude Include="Animation.h">
      <Filter>Engine</Filter>
    </ClInclude>
    <ClInclude Include="AnimationManager.h">
      <Filter>Engine</Filter>
    </ClInclude>
    <ClInclude Include="GameObject.h">
      <Filter>Game</Filter>
    </ClInclude>
    <ClInclude Include="Game.h">
      <Filter>Game</Filter>
    </ClInclude>
    <ClInclude Include="InputManager.h">
      <Filter>Engine</Filter>
    </ClInclude>
    <ClInclude Include="SettingsObject.h">
      <Filter>Engine</Filter>
    </ClInclude>
    <ClInclude Include="SettingsManager.h">
      <Filter>Engine</Filter>
    </ClInclude>
    <ClInclude Include="Sprite.h">
      <Filter>Engine</Filter>
    </ClInclude>
    <ClInclude Include="SpriteSheet.h">
      <Filter>Engine</Filter>
    </ClInclude>
    <ClInclude Include="SpriteSheetLoader.h">
      <Filter>Engine</Filter>
    </ClInclude>
    <ClInclude Include="State.h">
      <Filter>Engine</Filter>
    </ClInclude>
    <ClInclude Include="UIButton.h">
      <Filter>Engine</Filter>
    </ClInclude>
    <ClInclude Include="StateManager.h">
      <Filter>Engine</Filter>
    </ClInclude>
    <ClInclude Include="Util.h">
      <Filter>Engine</Filter>
    </ClInclude>
    <ClInclude Include="Menus.h">
      <Filter>Game</Filter>
    </ClInclude>
    <ClInclude Include="Character.h">
      <Filter>Game\Characters</Filter>
    </ClInclude>
    <ClInclude Include="Player.h">
      <Filter>Game\Characters</Filter>
    </ClInclude>
    <ClInclude Include="LevelManager.h">
      <Filter>Game\Level</Filter>
    </ClInclude>
    <ClInclude Include="LevelObject.h">
      <Filter>Game\Level</Filter>
    </ClInclude>
    <ClInclude Include="LevelObjectRectangle.h">
      <Filter>Game\Level\LevelObjects</Filter>
    </ClInclude>
    <ClInclude Include="LevelObjectPlattform.h">
      <Filter>Game\Level\LevelObjects</Filter>
    </ClInclude>
    <ClInclude Include="EnemyTroll.h">
      <Filter>Game\Characters\Enemies</Filter>
    </ClInclude>
    <ClInclude Include="Enemy.h">
      <Filter>Game\Characters\Enemies</Filter>
    </ClInclude>
    <ClInclude Include="EnemyGoblin.h">
      <Filter>Game\Characters\Enemies</Filter>
    </ClInclude>
    <ClInclude Include="EnemyPlaceholder.h">
      <Filter>Game\Characters\Enemies</Filter>
    </ClInclude>
    <ClInclude Include="EnemyShooter.h">
      <Filter>Game\Characters\Enemies</Filter>
    </ClInclude>
  </ItemGroup>
  <ItemGroup>
    <None Include="CONFIG.ini" />
    <None Include="README_Includers.txt" />
    <None Include="ENEMIES_BEHAVIOURS.txt">
      <Filter>Game\Characters</Filter>
    </None>
    <None Include="ClassDiagram1.cd" />
  </ItemGroup>
  <ItemGroup>
    <Filter Include="Engine">
      <UniqueIdentifier>{16844312-2460-4a26-a78d-e7fffea0fc81}</UniqueIdentifier>
    </Filter>
    <Filter Include="Game">
      <UniqueIdentifier>{e4f846d8-b9e2-450d-984c-e7e7b367ebb6}</UniqueIdentifier>
    </Filter>
    <Filter Include="Game\Characters">
      <UniqueIdentifier>{f5b0706a-12ed-4c13-b523-cd68df1ac22d}</UniqueIdentifier>
    </Filter>
    <Filter Include="Game\Level">
      <UniqueIdentifier>{f1c2c9e2-13e5-407d-8a89-3600caf37c43}</UniqueIdentifier>
    </Filter>
    <Filter Include="Game\Level\LevelObjects">
      <UniqueIdentifier>{86502288-26f5-49f3-80b8-29be4f681350}</UniqueIdentifier>
    </Filter>
    <Filter Include="Game\Characters\Enemies">
      <UniqueIdentifier>{86996a7b-6cf1-4c5b-9e75-51a46df2050f}</UniqueIdentifier>
    </Filter>
  </ItemGroup>
</Project>