<?xml version="1.0" encoding="utf-8"?>
<Project ToolsVersion="4.0" xmlns="http://schemas.microsoft.com/developer/msbuild/2003">
  <ItemGroup>
    <ClCompile Include="GameObject.cpp">
      <Filter>Game</Filter>
    </ClCompile>
    <ClCompile Include="Character.cpp">
      <Filter>Game\Characters</Filter>
    </ClCompile>
    <ClCompile Include="LevelObject.cpp">
      <Filter>Game\Level</Filter>
    </ClCompile>
    <ClCompile Include="Enemy.cpp">
      <Filter>Game\Characters</Filter>
    </ClCompile>
    <ClCompile Include="Animation.cpp">
      <Filter>Engine\Graphics\Animation</Filter>
    </ClCompile>
    <ClCompile Include="AnimationManager.cpp">
      <Filter>Engine\Graphics\Animation</Filter>
    </ClCompile>
    <ClCompile Include="AudioAssetsPathLoader.cpp">
      <Filter>Engine\Audio</Filter>
    </ClCompile>
    <ClCompile Include="AudioLoader.cpp">
      <Filter>Engine\Audio</Filter>
    </ClCompile>
    <ClCompile Include="AudioMixer.cpp">
      <Filter>Engine\Audio</Filter>
    </ClCompile>
    <ClCompile Include="SettingsManager.cpp">
      <Filter>Engine\Settings</Filter>
    </ClCompile>
    <ClCompile Include="SettingsObject.cpp">
      <Filter>Engine\Settings</Filter>
    </ClCompile>
    <ClCompile Include="StateManager.cpp">
      <Filter>Engine\State</Filter>
    </ClCompile>
    <ClCompile Include="Sprite.cpp">
      <Filter>Engine\Graphics\Sprite</Filter>
    </ClCompile>
    <ClCompile Include="SpriteSheet.cpp">
      <Filter>Engine\Graphics\Sprite</Filter>
    </ClCompile>
    <ClCompile Include="SpriteSheetLoader.cpp">
      <Filter>Engine\Graphics\Sprite</Filter>
    </ClCompile>
    <ClCompile Include="Util.cpp">
      <Filter>Engine\Util</Filter>
    </ClCompile>
    <ClCompile Include="Game.cpp">
      <Filter>Game\States</Filter>
    </ClCompile>
    <ClCompile Include="Menus.cpp">
      <Filter>Game\States</Filter>
    </ClCompile>
    <ClCompile Include="GameOver.cpp">
      <Filter>Game\States</Filter>
    </ClCompile>
    <ClCompile Include="UIButton.cpp">
      <Filter>Game\States</Filter>
    </ClCompile>
    <ClCompile Include="SwordBehavior.cpp">
      <Filter>Old\Player\Sword Swing Behavior</Filter>
    </ClCompile>
    <ClCompile Include="SwordBehaviorUpAndDown.cpp">
      <Filter>Old\Player\Sword Swing Behavior</Filter>
    </ClCompile>
    <ClCompile Include="SwordBehaviorFireRush.cpp">
      <Filter>Old\Player\Sword Swing Behavior</Filter>
    </ClCompile>
    <ClCompile Include="SwordPointManager.cpp">
      <Filter>Old\Player</Filter>
    </ClCompile>
    <ClCompile Include="ScoreManager.cpp">
      <Filter>Engine\Util</Filter>
    </ClCompile>
    <ClCompile Include="InputManager.cpp">
      <Filter>Engine\Input</Filter>
    </ClCompile>
    <ClCompile Include="Player.cpp">
      <Filter>Game\Characters</Filter>
    </ClCompile>
    <ClCompile Include="Particle.cpp">
      <Filter>Engine\Graphics\Particle</Filter>
    </ClCompile>
    <ClCompile Include="ParticleSystem.cpp">
      <Filter>Engine\Graphics\Particle</Filter>
    </ClCompile>
    <ClCompile Include="ComboManager.cpp">
      <Filter>Engine\Input</Filter>
    </ClCompile>
    <ClCompile Include="HUD.cpp">
      <Filter>Game</Filter>
    </ClCompile>
    <ClCompile Include="main.cpp" />
    <ClCompile Include="LevelManager.cpp">
      <Filter>Game\Level</Filter>
    </ClCompile>
    <ClCompile Include="LevelObjectPlattform.cpp">
      <Filter>Old</Filter>
    </ClCompile>
    <ClCompile Include="LevelObjectRectangle.cpp">
      <Filter>Game\Level</Filter>
    </ClCompile>
    <ClCompile Include="EnemyGoblin.cpp">
      <Filter>Game\Characters\Enemies\Primary</Filter>
    </ClCompile>
    <ClCompile Include="EnemyShooter.cpp">
      <Filter>Game\Characters\Enemies\Primary</Filter>
    </ClCompile>
    <ClCompile Include="EnemyTroll.cpp">
      <Filter>Game\Characters\Enemies\Primary</Filter>
    </ClCompile>
    <ClCompile Include="EnemyBomb.cpp">
      <Filter>Game\Characters\Enemies\Secondary</Filter>
    </ClCompile>
    <ClCompile Include="EnemyProjectile.cpp">
      <Filter>Game\Characters\Enemies\Secondary</Filter>
    </ClCompile>
    <ClCompile Include="EnemyPlaceholder.cpp">
      <Filter>Old</Filter>
    </ClCompile>
    <ClCompile Include="PopupImageManager.cpp">
      <Filter>Engine\Graphics</Filter>
    </ClCompile>
    <ClCompile Include="GameOverVictory.cpp">
      <Filter>Game\States</Filter>
    </ClCompile>
    <ClCompile Include="Preloader.cpp">
      <Filter>Old</Filter>
    </ClCompile>
    <ClCompile Include="EnemyBase.cpp">
      <Filter>Game\Characters\Enemies\Primary</Filter>
    </ClCompile>
  </ItemGroup>
  <ItemGroup>
    <ClInclude Include="GameObject.h">
      <Filter>Game</Filter>
    </ClInclude>
    <ClInclude Include="Character.h">
      <Filter>Game\Characters</Filter>
    </ClInclude>
    <ClInclude Include="LevelObject.h">
      <Filter>Game\Level</Filter>
    </ClInclude>
    <ClInclude Include="Enemy.h">
      <Filter>Game\Characters</Filter>
    </ClInclude>
    <ClInclude Include="Animation.h">
      <Filter>Engine\Graphics\Animation</Filter>
    </ClInclude>
    <ClInclude Include="AnimationManager.h">
      <Filter>Engine\Graphics\Animation</Filter>
    </ClInclude>
    <ClInclude Include="AudioMixer.h">
      <Filter>Engine\Audio</Filter>
    </ClInclude>
    <ClInclude Include="AudioAssetsPathLoader.h">
      <Filter>Engine\Audio</Filter>
    </ClInclude>
    <ClInclude Include="AudioLoader.h">
      <Filter>Engine\Audio</Filter>
    </ClInclude>
    <ClInclude Include="SettingsObject.h">
      <Filter>Engine\Settings</Filter>
    </ClInclude>
    <ClInclude Include="SettingsManager.h">
      <Filter>Engine\Settings</Filter>
    </ClInclude>
    <ClInclude Include="StateManager.h">
      <Filter>Engine\State</Filter>
    </ClInclude>
    <ClInclude Include="State.h">
      <Filter>Engine\State</Filter>
    </ClInclude>
    <ClInclude Include="SpriteSheetLoader.h">
      <Filter>Engine\Graphics\Sprite</Filter>
    </ClInclude>
    <ClInclude Include="Sprite.h">
      <Filter>Engine\Graphics\Sprite</Filter>
    </ClInclude>
    <ClInclude Include="SpriteSheet.h">
      <Filter>Engine\Graphics\Sprite</Filter>
    </ClInclude>
    <ClInclude Include="Util.h">
      <Filter>Engine\Util</Filter>
    </ClInclude>
    <ClInclude Include="Game.h">
      <Filter>Game\States</Filter>
    </ClInclude>
    <ClInclude Include="Menus.h">
      <Filter>Game\States</Filter>
    </ClInclude>
    <ClInclude Include="GameOver.h">
      <Filter>Game\States</Filter>
    </ClInclude>
    <ClInclude Include="UIButton.h">
      <Filter>Game\States</Filter>
    </ClInclude>
    <ClInclude Include="SwordBehavior.h">
      <Filter>Old\Player\Sword Swing Behavior</Filter>
    </ClInclude>
    <ClInclude Include="SwordBehaviorUpAndDown.h">
      <Filter>Old\Player\Sword Swing Behavior</Filter>
    </ClInclude>
    <ClInclude Include="SwordBehaviorFireRush.h">
      <Filter>Old\Player\Sword Swing Behavior</Filter>
    </ClInclude>
    <ClInclude Include="SwordPointManager.h">
      <Filter>Old\Player</Filter>
    </ClInclude>
    <ClInclude Include="ScoreManager.h">
      <Filter>Engine\Util</Filter>
    </ClInclude>
    <ClInclude Include="InputManager.h">
      <Filter>Engine\Input</Filter>
    </ClInclude>
    <ClInclude Include="Player.h">
      <Filter>Game\Characters</Filter>
    </ClInclude>
    <ClInclude Include="Particle.h">
      <Filter>Engine\Graphics\Particle</Filter>
    </ClInclude>
    <ClInclude Include="ParticleSystem.h">
      <Filter>Engine\Graphics\Particle</Filter>
    </ClInclude>
    <ClInclude Include="ComboManager.h">
      <Filter>Engine\Input</Filter>
    </ClInclude>
    <ClInclude Include="HUD.h">
      <Filter>Game</Filter>
    </ClInclude>
    <ClInclude Include="LevelManager.h">
      <Filter>Game\Level</Filter>
    </ClInclude>
    <ClInclude Include="LevelObjectPlattform.h">
      <Filter>Old</Filter>
    </ClInclude>
    <ClInclude Include="LevelObjectRectangle.h">
      <Filter>Game\Level</Filter>
    </ClInclude>
    <ClInclude Include="EnemyGoblin.h">
      <Filter>Game\Characters\Enemies\Primary</Filter>
    </ClInclude>
    <ClInclude Include="EnemyShooter.h">
      <Filter>Game\Characters\Enemies\Primary</Filter>
    </ClInclude>
    <ClInclude Include="EnemyTroll.h">
      <Filter>Game\Characters\Enemies\Primary</Filter>
    </ClInclude>
    <ClInclude Include="EnemyBomb.h">
      <Filter>Game\Characters\Enemies\Secondary</Filter>
    </ClInclude>
    <ClInclude Include="EnemyProjectile.h">
      <Filter>Game\Characters\Enemies\Secondary</Filter>
    </ClInclude>
    <ClInclude Include="EnemyPlaceholder.h">
      <Filter>Old</Filter>
    </ClInclude>
    <ClInclude Include="PopupImageManager.h">
      <Filter>Engine\Graphics</Filter>
    </ClInclude>
    <ClInclude Include="CharacterDirection.h">
      <Filter>Game\Characters</Filter>
    </ClInclude>
    <ClInclude Include="GameOverVictory.h">
      <Filter>Game\States</Filter>
    </ClInclude>
    <ClInclude Include="Preloader.h">
      <Filter>Old</Filter>
    </ClInclude>
    <ClInclude Include="EnemyBase.h">
      <Filter>Game\Characters\Enemies\Primary</Filter>
    </ClInclude>
  </ItemGroup>
  <ItemGroup>
    <Filter Include="Engine">
      <UniqueIdentifier>{16844312-2460-4a26-a78d-e7fffea0fc81}</UniqueIdentifier>
    </Filter>
    <Filter Include="Game">
      <UniqueIdentifier>{e4f846d8-b9e2-450d-984c-e7e7b367ebb6}</UniqueIdentifier>
    </Filter>
    <Filter Include="Game\Characters">
      <UniqueIdentifier>{f5b0706a-12ed-4c13-b523-cd68df1ac22d}</UniqueIdentifier>
    </Filter>
    <Filter Include="Game\Level">
      <UniqueIdentifier>{f1c2c9e2-13e5-407d-8a89-3600caf37c43}</UniqueIdentifier>
    </Filter>
    <Filter Include="Game\Characters\Enemies">
      <UniqueIdentifier>{86996a7b-6cf1-4c5b-9e75-51a46df2050f}</UniqueIdentifier>
    </Filter>
    <Filter Include="Engine\Audio">
      <UniqueIdentifier>{9b2a3daf-812a-4919-8b54-c76297870287}</UniqueIdentifier>
    </Filter>
    <Filter Include="Engine\State">
      <UniqueIdentifier>{db2f34ed-25b9-410c-894d-196b5990f385}</UniqueIdentifier>
    </Filter>
    <Filter Include="Game\States">
      <UniqueIdentifier>{8a67f8fc-8572-4234-97f5-eebb53a560c5}</UniqueIdentifier>
    </Filter>
    <Filter Include="Engine\Input">
      <UniqueIdentifier>{3b60bbfb-a285-4648-af74-e7b4e5b9a90b}</UniqueIdentifier>
    </Filter>
    <Filter Include="Engine\Util">
      <UniqueIdentifier>{fafe96a7-3aec-4c9b-8b61-ee9464d2926c}</UniqueIdentifier>
    </Filter>
    <Filter Include="Engine\Settings">
      <UniqueIdentifier>{0be70ffa-aa88-4289-bcd0-06eecbdadbb7}</UniqueIdentifier>
    </Filter>
    <Filter Include="Old">
      <UniqueIdentifier>{16547dc1-d75a-4b65-b1db-b717474966c2}</UniqueIdentifier>
    </Filter>
    <Filter Include="Old\Player">
      <UniqueIdentifier>{7415e2a1-1bbb-451e-b826-5d7e7c86ce8d}</UniqueIdentifier>
    </Filter>
    <Filter Include="Old\Player\Sword Swing Behavior">
      <UniqueIdentifier>{f3748c01-f995-4d20-9161-18273362b64c}</UniqueIdentifier>
    </Filter>
    <Filter Include="Game\Characters\Enemies\Secondary">
      <UniqueIdentifier>{1ddf7d75-96f5-4a07-9bc6-707b1d826a39}</UniqueIdentifier>
    </Filter>
    <Filter Include="Game\Characters\Enemies\Primary">
      <UniqueIdentifier>{44d223a7-68ff-47be-a1b3-acb6c7b4887d}</UniqueIdentifier>
    </Filter>
    <Filter Include="Engine\Graphics">
      <UniqueIdentifier>{6ceeff4a-07da-43b7-a498-eb1420fc5d7b}</UniqueIdentifier>
    </Filter>
    <Filter Include="Engine\Graphics\Animation">
      <UniqueIdentifier>{d297d6f6-9552-4ac8-90da-19b902c8b5ac}</UniqueIdentifier>
    </Filter>
    <Filter Include="Engine\Graphics\Particle">
      <UniqueIdentifier>{1daf6241-3554-46cf-b872-a8dcf790a180}</UniqueIdentifier>
    </Filter>
    <Filter Include="Engine\Graphics\Sprite">
      <UniqueIdentifier>{dd0199b2-58b3-400e-8bc1-05c78897b8cf}</UniqueIdentifier>
    </Filter>
  </ItemGroup>
  <ItemGroup>
    <None Include="CONFIG.ini" />
    <None Include="ClassDiagram1.cd" />
  </ItemGroup>
</Project>